
Microsoft Visual Studio Solution File, Format Version 12.00
# Visual Studio Version 17
VisualStudioVersion = 17.1.32328.378
MinimumVisualStudioVersion = 10.0.40219.1
Project("{FAE04EC0-301F-11D3-BF4B-00C04F79EFBC}") = "Laboratorio5", "Laboratorio5.csproj", "{4618A1A2-5B6A-4597-B442-500D0755EEBE}"
EndProject
Global
	GlobalSection(SolutionConfigurationPlatforms) = preSolution
		Debug|Any CPU = Debug|Any CPU
		Release|Any CPU = Release|Any CPU
	EndGlobalSection
	GlobalSection(ProjectConfigurationPlatforms) = postSolution
		{4618A1A2-5B6A-4597-B442-500D0755EEBE}.Debug|Any CPU.ActiveCfg = Debug|Any CPU
		{4618A1A2-5B6A-4597-B442-500D0755EEBE}.Debug|Any CPU.Build.0 = Debug|Any CPU
		{4618A1A2-5B6A-4597-B442-500D0755EEBE}.Release|Any CPU.ActiveCfg = Release|Any CPU
		{4618A1A2-5B6A-4597-B442-500D0755EEBE}.Release|Any CPU.Build.0 = Release|Any CPU
	EndGlobalSection
	GlobalSection(SolutionProperties) = preSolution
		HideSolutionNode = FALSE
	EndGlobalSection
	GlobalSection(ExtensibilityGlobals) = postSolution
		SolutionGuid = {6E10206B-2B78-4D2E-A937-D73ADA66FC0C}
	EndGlobalSection
EndGlobal
